
Microsoft Visual Studio Solution File, Format Version 12.00
# Visual Studio Version 17
VisualStudioVersion = 17.12.35527.113
MinimumVisualStudioVersion = 10.0.40219.1
Project("{FAE04EC0-301F-11D3-BF4B-00C04F79EFBC}") = "Mafia", "Mafia\Mafia.csproj", "{5A1D20B1-93F0-4EF1-AC86-622B4EDFCE70}"
EndProject
Project("{2150E333-8FDC-42A3-9474-1A3956D46DE8}") = "Mafia.User", "Mafia.User", "{022D4DE4-6FB0-49D3-9B2D-621A32B07214}"
EndProject
Project("{FAE04EC0-301F-11D3-BF4B-00C04F79EFBC}") = "Mafia.User.API", "Mafia.User.API\Mafia.User.API.csproj", "{A9429771-D982-4A02-8B87-D637E6B1DA2D}"
EndProject
Project("{FAE04EC0-301F-11D3-BF4B-00C04F79EFBC}") = "Mafia.User.Infrastructure", "Mafia.User.Infrastructure\Mafia.User.Infrastructure.csproj", "{2FD66A1E-9B24-4B99-993C-E7E0EADEE3AD}"
EndProject
Project("{FAE04EC0-301F-11D3-BF4B-00C04F79EFBC}") = "Mafia.User.Application", "Mafia.User.Application\Mafia.User.Application.csproj", "{53F23849-F39D-428A-896A-3A519BB27191}"
EndProject
Project("{FAE04EC0-301F-11D3-BF4B-00C04F79EFBC}") = "Mafia.User.Domain", "Mafia.User.Domain\Mafia.User.Domain.csproj", "{26530F01-9CEA-4E2C-9AEB-EC1F3944F368}"
EndProject
Project("{2150E333-8FDC-42A3-9474-1A3956D46DE8}") = "Mafia.Games", "Mafia.Games", "{36D591C7-65C7-A0D1-1CBC-10CDE441BDC8}"
EndProject
Project("{FAE04EC0-301F-11D3-BF4B-00C04F79EFBC}") = "Mafia.Games.Domain", "Mafia.Games.Domain\Mafia.Games.Domain.csproj", "{59067A05-4738-4ED8-9242-0C1879AE7C62}"
EndProject
Project("{FAE04EC0-301F-11D3-BF4B-00C04F79EFBC}") = "Mafia.Games.Application", "Mafia.Games.Application\Mafia.Games.Application.csproj", "{31B26600-6BC6-44A1-8F21-CD5F89753418}"
EndProject
Project("{FAE04EC0-301F-11D3-BF4B-00C04F79EFBC}") = "Mafia.Games.Infrastructure", "Mafia.Games.Infrastructure\Mafia.Games.Infrastructure.csproj", "{47127195-4415-4F95-8F8C-D45C5D902A7E}"
EndProject
Project("{FAE04EC0-301F-11D3-BF4B-00C04F79EFBC}") = "Mafia.Games.API", "Mafia.Games.API\Mafia.Games.API.csproj", "{6F05681E-443D-4CF5-B873-553117586F78}"
EndProject
Project("{2150E333-8FDC-42A3-9474-1A3956D46DE8}") = "Mafia.Shared", "Mafia.Shared", "{D830FA99-7050-47B4-95A6-E4EA07CC3754}"
EndProject
Project("{FAE04EC0-301F-11D3-BF4B-00C04F79EFBC}") = "Mafia.Shared.Kernel", "Mafia.Shared.Kernel\Mafia.Shared.Kernel.csproj", "{2D30EE7A-E257-4479-93E8-C7EED51DDB4B}"
EndProject
Project("{FAE04EC0-301F-11D3-BF4B-00C04F79EFBC}") = "Mafia.Shared.Contracts", "Mafia.Shared.Contracts\Mafia.Shared.Contracts.csproj", "{2B502706-DC9E-4C5D-AC98-AA659B4517AE}"
EndProject
Project("{FAE04EC0-301F-11D3-BF4B-00C04F79EFBC}") = "Mafia.Shared.Infrastructure", "Mafia.Shared.Infrastructure\Mafia.Shared.Infrastructure.csproj", "{471D6D4E-247E-4DA7-B259-84C9CB997B2A}"
EndProject
Project("{FAE04EC0-301F-11D3-BF4B-00C04F79EFBC}") = "Mafia.Games.Abstraction", "Mafia.Games.Abstraction\Mafia.Games.Abstraction.csproj", "{C928B5C1-387B-4727-9635-1DFAD67FEEA1}"
EndProject
Project("{2150E333-8FDC-42A3-9474-1A3956D46DE8}") = "Mafia.Lobby", "Mafia.Lobby", "{BFDA5A71-F7D0-4648-9B67-1824A20DBC51}"
EndProject
Project("{FAE04EC0-301F-11D3-BF4B-00C04F79EFBC}") = "Mafia.Lobby.Domain", "Mafia.Lobby.Domain\Mafia.Lobby.Domain.csproj", "{07C141E1-16F2-4F78-A5A8-C1DF1B2156E8}"
EndProject
Project("{FAE04EC0-301F-11D3-BF4B-00C04F79EFBC}") = "Mafia.Lobby.Application", "Mafia.Lobby.Application\Mafia.Lobby.Application.csproj", "{5B954D66-40CC-4CAB-923E-081249679797}"
EndProject
Project("{FAE04EC0-301F-11D3-BF4B-00C04F79EFBC}") = "Mafia.Lobby.Abstraction", "Mafia.Lobby.Abstraction\Mafia.Lobby.Abstraction.csproj", "{88377F0A-5C71-4B1F-B24F-DCE7F2B5F2D6}"
EndProject
Project("{FAE04EC0-301F-11D3-BF4B-00C04F79EFBC}") = "Mafia.Lobby.Infrasctructure", "Mafia.Lobby.Infrasctructure\Mafia.Lobby.Infrasctructure.csproj", "{323EBAF4-1AB0-40C1-8D94-505A6CC3AFE5}"
EndProject
Project("{FAE04EC0-301F-11D3-BF4B-00C04F79EFBC}") = "Mafia.Lobby.API", "Mafia.Lobby.API\Mafia.Lobby.API.csproj", "{617440EB-5A43-475C-86EF-44509F704166}"
EndProject
Project("{FAE04EC0-301F-11D3-BF4B-00C04F79EFBC}") = "Mafia.Shared.API", "Mafia.Shared.API\Mafia.Shared.API.csproj", "{37740C5D-8BC3-4A83-AB98-738568F4AC5E}"
EndProject
Project("{FAE04EC0-301F-11D3-BF4B-00C04F79EFBC}") = "Mafia.Lobby.DTO", "Mafia.Lobby.DTO\Mafia.Lobby.DTO.csproj", "{255AB3C5-0A2C-497D-9685-D25DD2AD4997}"
EndProject
Project("{2150E333-8FDC-42A3-9474-1A3956D46DE8}") = "Mafia.Chats", "Mafia.Chats", "{A373B243-AF98-6B3E-FF0C-60A89F60A12A}"
EndProject
Project("{FAE04EC0-301F-11D3-BF4B-00C04F79EFBC}") = "Mafia.Chats.API", "Mafia.Chats.API\Mafia.Chats.API.csproj", "{180C91BF-C9E4-450C-87B2-699315F931D6}"
EndProject
Project("{FAE04EC0-301F-11D3-BF4B-00C04F79EFBC}") = "Mafia.Chats.Application", "Mafia.Chats.Application\Mafia.Chats.Application.csproj", "{CBABFEA5-1472-45D0-9CD9-FC6CE7051869}"
EndProject
Project("{FAE04EC0-301F-11D3-BF4B-00C04F79EFBC}") = "Mafia.Chats.Domain", "Mafia.Chats.Domain\Mafia.Chats.Domain.csproj", "{D1EE9164-2922-4D40-9B44-CAD2BDAA844F}"
EndProject
Project("{FAE04EC0-301F-11D3-BF4B-00C04F79EFBC}") = "Mafia.Chats.Infrasctructure", "Mafia.Chats.Infrasctructure\Mafia.Chats.Infrasctructure.csproj", "{4B369084-4763-4523-95DC-234EA6CD0207}"
EndProject
Global
	GlobalSection(SolutionConfigurationPlatforms) = preSolution
		Debug|Any CPU = Debug|Any CPU
		Debug|x64 = Debug|x64
		Debug|x86 = Debug|x86
		Release|Any CPU = Release|Any CPU
		Release|x64 = Release|x64
		Release|x86 = Release|x86
	EndGlobalSection
	GlobalSection(ProjectConfigurationPlatforms) = postSolution
		{5A1D20B1-93F0-4EF1-AC86-622B4EDFCE70}.Debug|Any CPU.ActiveCfg = Debug|Any CPU
		{5A1D20B1-93F0-4EF1-AC86-622B4EDFCE70}.Debug|Any CPU.Build.0 = Debug|Any CPU
		{5A1D20B1-93F0-4EF1-AC86-622B4EDFCE70}.Debug|x64.ActiveCfg = Debug|Any CPU
		{5A1D20B1-93F0-4EF1-AC86-622B4EDFCE70}.Debug|x64.Build.0 = Debug|Any CPU
		{5A1D20B1-93F0-4EF1-AC86-622B4EDFCE70}.Debug|x86.ActiveCfg = Debug|Any CPU
		{5A1D20B1-93F0-4EF1-AC86-622B4EDFCE70}.Debug|x86.Build.0 = Debug|Any CPU
		{5A1D20B1-93F0-4EF1-AC86-622B4EDFCE70}.Release|Any CPU.ActiveCfg = Release|Any CPU
		{5A1D20B1-93F0-4EF1-AC86-622B4EDFCE70}.Release|Any CPU.Build.0 = Release|Any CPU
		{5A1D20B1-93F0-4EF1-AC86-622B4EDFCE70}.Release|x64.ActiveCfg = Release|Any CPU
		{5A1D20B1-93F0-4EF1-AC86-622B4EDFCE70}.Release|x64.Build.0 = Release|Any CPU
		{5A1D20B1-93F0-4EF1-AC86-622B4EDFCE70}.Release|x86.ActiveCfg = Release|Any CPU
		{5A1D20B1-93F0-4EF1-AC86-622B4EDFCE70}.Release|x86.Build.0 = Release|Any CPU
		{A9429771-D982-4A02-8B87-D637E6B1DA2D}.Debug|Any CPU.ActiveCfg = Debug|Any CPU
		{A9429771-D982-4A02-8B87-D637E6B1DA2D}.Debug|Any CPU.Build.0 = Debug|Any CPU
		{A9429771-D982-4A02-8B87-D637E6B1DA2D}.Debug|x64.ActiveCfg = Debug|Any CPU
		{A9429771-D982-4A02-8B87-D637E6B1DA2D}.Debug|x64.Build.0 = Debug|Any CPU
		{A9429771-D982-4A02-8B87-D637E6B1DA2D}.Debug|x86.ActiveCfg = Debug|Any CPU
		{A9429771-D982-4A02-8B87-D637E6B1DA2D}.Debug|x86.Build.0 = Debug|Any CPU
		{A9429771-D982-4A02-8B87-D637E6B1DA2D}.Release|Any CPU.ActiveCfg = Release|Any CPU
		{A9429771-D982-4A02-8B87-D637E6B1DA2D}.Release|Any CPU.Build.0 = Release|Any CPU
		{A9429771-D982-4A02-8B87-D637E6B1DA2D}.Release|x64.ActiveCfg = Release|Any CPU
		{A9429771-D982-4A02-8B87-D637E6B1DA2D}.Release|x64.Build.0 = Release|Any CPU
		{A9429771-D982-4A02-8B87-D637E6B1DA2D}.Release|x86.ActiveCfg = Release|Any CPU
		{A9429771-D982-4A02-8B87-D637E6B1DA2D}.Release|x86.Build.0 = Release|Any CPU
		{2FD66A1E-9B24-4B99-993C-E7E0EADEE3AD}.Debug|Any CPU.ActiveCfg = Debug|Any CPU
		{2FD66A1E-9B24-4B99-993C-E7E0EADEE3AD}.Debug|Any CPU.Build.0 = Debug|Any CPU
		{2FD66A1E-9B24-4B99-993C-E7E0EADEE3AD}.Debug|x64.ActiveCfg = Debug|Any CPU
		{2FD66A1E-9B24-4B99-993C-E7E0EADEE3AD}.Debug|x64.Build.0 = Debug|Any CPU
		{2FD66A1E-9B24-4B99-993C-E7E0EADEE3AD}.Debug|x86.ActiveCfg = Debug|Any CPU
		{2FD66A1E-9B24-4B99-993C-E7E0EADEE3AD}.Debug|x86.Build.0 = Debug|Any CPU
		{2FD66A1E-9B24-4B99-993C-E7E0EADEE3AD}.Release|Any CPU.ActiveCfg = Release|Any CPU
		{2FD66A1E-9B24-4B99-993C-E7E0EADEE3AD}.Release|Any CPU.Build.0 = Release|Any CPU
		{2FD66A1E-9B24-4B99-993C-E7E0EADEE3AD}.Release|x64.ActiveCfg = Release|Any CPU
		{2FD66A1E-9B24-4B99-993C-E7E0EADEE3AD}.Release|x64.Build.0 = Release|Any CPU
		{2FD66A1E-9B24-4B99-993C-E7E0EADEE3AD}.Release|x86.ActiveCfg = Release|Any CPU
		{2FD66A1E-9B24-4B99-993C-E7E0EADEE3AD}.Release|x86.Build.0 = Release|Any CPU
		{53F23849-F39D-428A-896A-3A519BB27191}.Debug|Any CPU.ActiveCfg = Debug|Any CPU
		{53F23849-F39D-428A-896A-3A519BB27191}.Debug|Any CPU.Build.0 = Debug|Any CPU
		{53F23849-F39D-428A-896A-3A519BB27191}.Debug|x64.ActiveCfg = Debug|Any CPU
		{53F23849-F39D-428A-896A-3A519BB27191}.Debug|x64.Build.0 = Debug|Any CPU
		{53F23849-F39D-428A-896A-3A519BB27191}.Debug|x86.ActiveCfg = Debug|Any CPU
		{53F23849-F39D-428A-896A-3A519BB27191}.Debug|x86.Build.0 = Debug|Any CPU
		{53F23849-F39D-428A-896A-3A519BB27191}.Release|Any CPU.ActiveCfg = Release|Any CPU
		{53F23849-F39D-428A-896A-3A519BB27191}.Release|Any CPU.Build.0 = Release|Any CPU
		{53F23849-F39D-428A-896A-3A519BB27191}.Release|x64.ActiveCfg = Release|Any CPU
		{53F23849-F39D-428A-896A-3A519BB27191}.Release|x64.Build.0 = Release|Any CPU
		{53F23849-F39D-428A-896A-3A519BB27191}.Release|x86.ActiveCfg = Release|Any CPU
		{53F23849-F39D-428A-896A-3A519BB27191}.Release|x86.Build.0 = Release|Any CPU
		{26530F01-9CEA-4E2C-9AEB-EC1F3944F368}.Debug|Any CPU.ActiveCfg = Debug|Any CPU
		{26530F01-9CEA-4E2C-9AEB-EC1F3944F368}.Debug|Any CPU.Build.0 = Debug|Any CPU
		{26530F01-9CEA-4E2C-9AEB-EC1F3944F368}.Debug|x64.ActiveCfg = Debug|Any CPU
		{26530F01-9CEA-4E2C-9AEB-EC1F3944F368}.Debug|x64.Build.0 = Debug|Any CPU
		{26530F01-9CEA-4E2C-9AEB-EC1F3944F368}.Debug|x86.ActiveCfg = Debug|Any CPU
		{26530F01-9CEA-4E2C-9AEB-EC1F3944F368}.Debug|x86.Build.0 = Debug|Any CPU
		{26530F01-9CEA-4E2C-9AEB-EC1F3944F368}.Release|Any CPU.ActiveCfg = Release|Any CPU
		{26530F01-9CEA-4E2C-9AEB-EC1F3944F368}.Release|Any CPU.Build.0 = Release|Any CPU
		{26530F01-9CEA-4E2C-9AEB-EC1F3944F368}.Release|x64.ActiveCfg = Release|Any CPU
		{26530F01-9CEA-4E2C-9AEB-EC1F3944F368}.Release|x64.Build.0 = Release|Any CPU
		{26530F01-9CEA-4E2C-9AEB-EC1F3944F368}.Release|x86.ActiveCfg = Release|Any CPU
		{26530F01-9CEA-4E2C-9AEB-EC1F3944F368}.Release|x86.Build.0 = Release|Any CPU
		{59067A05-4738-4ED8-9242-0C1879AE7C62}.Debug|Any CPU.ActiveCfg = Debug|Any CPU
		{59067A05-4738-4ED8-9242-0C1879AE7C62}.Debug|Any CPU.Build.0 = Debug|Any CPU
		{59067A05-4738-4ED8-9242-0C1879AE7C62}.Debug|x64.ActiveCfg = Debug|Any CPU
		{59067A05-4738-4ED8-9242-0C1879AE7C62}.Debug|x64.Build.0 = Debug|Any CPU
		{59067A05-4738-4ED8-9242-0C1879AE7C62}.Debug|x86.ActiveCfg = Debug|Any CPU
		{59067A05-4738-4ED8-9242-0C1879AE7C62}.Debug|x86.Build.0 = Debug|Any CPU
		{59067A05-4738-4ED8-9242-0C1879AE7C62}.Release|Any CPU.ActiveCfg = Release|Any CPU
		{59067A05-4738-4ED8-9242-0C1879AE7C62}.Release|Any CPU.Build.0 = Release|Any CPU
		{59067A05-4738-4ED8-9242-0C1879AE7C62}.Release|x64.ActiveCfg = Release|Any CPU
		{59067A05-4738-4ED8-9242-0C1879AE7C62}.Release|x64.Build.0 = Release|Any CPU
		{59067A05-4738-4ED8-9242-0C1879AE7C62}.Release|x86.ActiveCfg = Release|Any CPU
		{59067A05-4738-4ED8-9242-0C1879AE7C62}.Release|x86.Build.0 = Release|Any CPU
		{31B26600-6BC6-44A1-8F21-CD5F89753418}.Debug|Any CPU.ActiveCfg = Debug|Any CPU
		{31B26600-6BC6-44A1-8F21-CD5F89753418}.Debug|Any CPU.Build.0 = Debug|Any CPU
		{31B26600-6BC6-44A1-8F21-CD5F89753418}.Debug|x64.ActiveCfg = Debug|Any CPU
		{31B26600-6BC6-44A1-8F21-CD5F89753418}.Debug|x64.Build.0 = Debug|Any CPU
		{31B26600-6BC6-44A1-8F21-CD5F89753418}.Debug|x86.ActiveCfg = Debug|Any CPU
		{31B26600-6BC6-44A1-8F21-CD5F89753418}.Debug|x86.Build.0 = Debug|Any CPU
		{31B26600-6BC6-44A1-8F21-CD5F89753418}.Release|Any CPU.ActiveCfg = Release|Any CPU
		{31B26600-6BC6-44A1-8F21-CD5F89753418}.Release|Any CPU.Build.0 = Release|Any CPU
		{31B26600-6BC6-44A1-8F21-CD5F89753418}.Release|x64.ActiveCfg = Release|Any CPU
		{31B26600-6BC6-44A1-8F21-CD5F89753418}.Release|x64.Build.0 = Release|Any CPU
		{31B26600-6BC6-44A1-8F21-CD5F89753418}.Release|x86.ActiveCfg = Release|Any CPU
		{31B26600-6BC6-44A1-8F21-CD5F89753418}.Release|x86.Build.0 = Release|Any CPU
		{47127195-4415-4F95-8F8C-D45C5D902A7E}.Debug|Any CPU.ActiveCfg = Debug|Any CPU
		{47127195-4415-4F95-8F8C-D45C5D902A7E}.Debug|Any CPU.Build.0 = Debug|Any CPU
		{47127195-4415-4F95-8F8C-D45C5D902A7E}.Debug|x64.ActiveCfg = Debug|Any CPU
		{47127195-4415-4F95-8F8C-D45C5D902A7E}.Debug|x64.Build.0 = Debug|Any CPU
		{47127195-4415-4F95-8F8C-D45C5D902A7E}.Debug|x86.ActiveCfg = Debug|Any CPU
		{47127195-4415-4F95-8F8C-D45C5D902A7E}.Debug|x86.Build.0 = Debug|Any CPU
		{47127195-4415-4F95-8F8C-D45C5D902A7E}.Release|Any CPU.ActiveCfg = Release|Any CPU
		{47127195-4415-4F95-8F8C-D45C5D902A7E}.Release|Any CPU.Build.0 = Release|Any CPU
		{47127195-4415-4F95-8F8C-D45C5D902A7E}.Release|x64.ActiveCfg = Release|Any CPU
		{47127195-4415-4F95-8F8C-D45C5D902A7E}.Release|x64.Build.0 = Release|Any CPU
		{47127195-4415-4F95-8F8C-D45C5D902A7E}.Release|x86.ActiveCfg = Release|Any CPU
		{47127195-4415-4F95-8F8C-D45C5D902A7E}.Release|x86.Build.0 = Release|Any CPU
		{6F05681E-443D-4CF5-B873-553117586F78}.Debug|Any CPU.ActiveCfg = Debug|Any CPU
		{6F05681E-443D-4CF5-B873-553117586F78}.Debug|Any CPU.Build.0 = Debug|Any CPU
		{6F05681E-443D-4CF5-B873-553117586F78}.Debug|x64.ActiveCfg = Debug|Any CPU
		{6F05681E-443D-4CF5-B873-553117586F78}.Debug|x64.Build.0 = Debug|Any CPU
		{6F05681E-443D-4CF5-B873-553117586F78}.Debug|x86.ActiveCfg = Debug|Any CPU
		{6F05681E-443D-4CF5-B873-553117586F78}.Debug|x86.Build.0 = Debug|Any CPU
		{6F05681E-443D-4CF5-B873-553117586F78}.Release|Any CPU.ActiveCfg = Release|Any CPU
		{6F05681E-443D-4CF5-B873-553117586F78}.Release|Any CPU.Build.0 = Release|Any CPU
		{6F05681E-443D-4CF5-B873-553117586F78}.Release|x64.ActiveCfg = Release|Any CPU
		{6F05681E-443D-4CF5-B873-553117586F78}.Release|x64.Build.0 = Release|Any CPU
		{6F05681E-443D-4CF5-B873-553117586F78}.Release|x86.ActiveCfg = Release|Any CPU
		{6F05681E-443D-4CF5-B873-553117586F78}.Release|x86.Build.0 = Release|Any CPU
		{2D30EE7A-E257-4479-93E8-C7EED51DDB4B}.Debug|Any CPU.ActiveCfg = Debug|Any CPU
		{2D30EE7A-E257-4479-93E8-C7EED51DDB4B}.Debug|Any CPU.Build.0 = Debug|Any CPU
		{2D30EE7A-E257-4479-93E8-C7EED51DDB4B}.Debug|x64.ActiveCfg = Debug|Any CPU
		{2D30EE7A-E257-4479-93E8-C7EED51DDB4B}.Debug|x64.Build.0 = Debug|Any CPU
		{2D30EE7A-E257-4479-93E8-C7EED51DDB4B}.Debug|x86.ActiveCfg = Debug|Any CPU
		{2D30EE7A-E257-4479-93E8-C7EED51DDB4B}.Debug|x86.Build.0 = Debug|Any CPU
		{2D30EE7A-E257-4479-93E8-C7EED51DDB4B}.Release|Any CPU.ActiveCfg = Release|Any CPU
		{2D30EE7A-E257-4479-93E8-C7EED51DDB4B}.Release|Any CPU.Build.0 = Release|Any CPU
		{2D30EE7A-E257-4479-93E8-C7EED51DDB4B}.Release|x64.ActiveCfg = Release|Any CPU
		{2D30EE7A-E257-4479-93E8-C7EED51DDB4B}.Release|x64.Build.0 = Release|Any CPU
		{2D30EE7A-E257-4479-93E8-C7EED51DDB4B}.Release|x86.ActiveCfg = Release|Any CPU
		{2D30EE7A-E257-4479-93E8-C7EED51DDB4B}.Release|x86.Build.0 = Release|Any CPU
		{2B502706-DC9E-4C5D-AC98-AA659B4517AE}.Debug|Any CPU.ActiveCfg = Debug|Any CPU
		{2B502706-DC9E-4C5D-AC98-AA659B4517AE}.Debug|Any CPU.Build.0 = Debug|Any CPU
		{2B502706-DC9E-4C5D-AC98-AA659B4517AE}.Debug|x64.ActiveCfg = Debug|Any CPU
		{2B502706-DC9E-4C5D-AC98-AA659B4517AE}.Debug|x64.Build.0 = Debug|Any CPU
		{2B502706-DC9E-4C5D-AC98-AA659B4517AE}.Debug|x86.ActiveCfg = Debug|Any CPU
		{2B502706-DC9E-4C5D-AC98-AA659B4517AE}.Debug|x86.Build.0 = Debug|Any CPU
		{2B502706-DC9E-4C5D-AC98-AA659B4517AE}.Release|Any CPU.ActiveCfg = Release|Any CPU
		{2B502706-DC9E-4C5D-AC98-AA659B4517AE}.Release|Any CPU.Build.0 = Release|Any CPU
		{2B502706-DC9E-4C5D-AC98-AA659B4517AE}.Release|x64.ActiveCfg = Release|Any CPU
		{2B502706-DC9E-4C5D-AC98-AA659B4517AE}.Release|x64.Build.0 = Release|Any CPU
		{2B502706-DC9E-4C5D-AC98-AA659B4517AE}.Release|x86.ActiveCfg = Release|Any CPU
		{2B502706-DC9E-4C5D-AC98-AA659B4517AE}.Release|x86.Build.0 = Release|Any CPU
		{471D6D4E-247E-4DA7-B259-84C9CB997B2A}.Debug|Any CPU.ActiveCfg = Debug|Any CPU
		{471D6D4E-247E-4DA7-B259-84C9CB997B2A}.Debug|Any CPU.Build.0 = Debug|Any CPU
		{471D6D4E-247E-4DA7-B259-84C9CB997B2A}.Debug|x64.ActiveCfg = Debug|Any CPU
		{471D6D4E-247E-4DA7-B259-84C9CB997B2A}.Debug|x64.Build.0 = Debug|Any CPU
		{471D6D4E-247E-4DA7-B259-84C9CB997B2A}.Debug|x86.ActiveCfg = Debug|Any CPU
		{471D6D4E-247E-4DA7-B259-84C9CB997B2A}.Debug|x86.Build.0 = Debug|Any CPU
		{471D6D4E-247E-4DA7-B259-84C9CB997B2A}.Release|Any CPU.ActiveCfg = Release|Any CPU
		{471D6D4E-247E-4DA7-B259-84C9CB997B2A}.Release|Any CPU.Build.0 = Release|Any CPU
		{471D6D4E-247E-4DA7-B259-84C9CB997B2A}.Release|x64.ActiveCfg = Release|Any CPU
		{471D6D4E-247E-4DA7-B259-84C9CB997B2A}.Release|x64.Build.0 = Release|Any CPU
		{471D6D4E-247E-4DA7-B259-84C9CB997B2A}.Release|x86.ActiveCfg = Release|Any CPU
		{471D6D4E-247E-4DA7-B259-84C9CB997B2A}.Release|x86.Build.0 = Release|Any CPU
		{C928B5C1-387B-4727-9635-1DFAD67FEEA1}.Debug|Any CPU.ActiveCfg = Debug|Any CPU
		{C928B5C1-387B-4727-9635-1DFAD67FEEA1}.Debug|Any CPU.Build.0 = Debug|Any CPU
		{C928B5C1-387B-4727-9635-1DFAD67FEEA1}.Debug|x64.ActiveCfg = Debug|Any CPU
		{C928B5C1-387B-4727-9635-1DFAD67FEEA1}.Debug|x64.Build.0 = Debug|Any CPU
		{C928B5C1-387B-4727-9635-1DFAD67FEEA1}.Debug|x86.ActiveCfg = Debug|Any CPU
		{C928B5C1-387B-4727-9635-1DFAD67FEEA1}.Debug|x86.Build.0 = Debug|Any CPU
		{C928B5C1-387B-4727-9635-1DFAD67FEEA1}.Release|Any CPU.ActiveCfg = Release|Any CPU
		{C928B5C1-387B-4727-9635-1DFAD67FEEA1}.Release|Any CPU.Build.0 = Release|Any CPU
		{C928B5C1-387B-4727-9635-1DFAD67FEEA1}.Release|x64.ActiveCfg = Release|Any CPU
		{C928B5C1-387B-4727-9635-1DFAD67FEEA1}.Release|x64.Build.0 = Release|Any CPU
		{C928B5C1-387B-4727-9635-1DFAD67FEEA1}.Release|x86.ActiveCfg = Release|Any CPU
		{C928B5C1-387B-4727-9635-1DFAD67FEEA1}.Release|x86.Build.0 = Release|Any CPU
		{07C141E1-16F2-4F78-A5A8-C1DF1B2156E8}.Debug|Any CPU.ActiveCfg = Debug|Any CPU
		{07C141E1-16F2-4F78-A5A8-C1DF1B2156E8}.Debug|Any CPU.Build.0 = Debug|Any CPU
		{07C141E1-16F2-4F78-A5A8-C1DF1B2156E8}.Debug|x64.ActiveCfg = Debug|Any CPU
		{07C141E1-16F2-4F78-A5A8-C1DF1B2156E8}.Debug|x64.Build.0 = Debug|Any CPU
		{07C141E1-16F2-4F78-A5A8-C1DF1B2156E8}.Debug|x86.ActiveCfg = Debug|Any CPU
		{07C141E1-16F2-4F78-A5A8-C1DF1B2156E8}.Debug|x86.Build.0 = Debug|Any CPU
		{07C141E1-16F2-4F78-A5A8-C1DF1B2156E8}.Release|Any CPU.ActiveCfg = Release|Any CPU
		{07C141E1-16F2-4F78-A5A8-C1DF1B2156E8}.Release|Any CPU.Build.0 = Release|Any CPU
		{07C141E1-16F2-4F78-A5A8-C1DF1B2156E8}.Release|x64.ActiveCfg = Release|Any CPU
		{07C141E1-16F2-4F78-A5A8-C1DF1B2156E8}.Release|x64.Build.0 = Release|Any CPU
		{07C141E1-16F2-4F78-A5A8-C1DF1B2156E8}.Release|x86.ActiveCfg = Release|Any CPU
		{07C141E1-16F2-4F78-A5A8-C1DF1B2156E8}.Release|x86.Build.0 = Release|Any CPU
		{5B954D66-40CC-4CAB-923E-081249679797}.Debug|Any CPU.ActiveCfg = Debug|Any CPU
		{5B954D66-40CC-4CAB-923E-081249679797}.Debug|Any CPU.Build.0 = Debug|Any CPU
		{5B954D66-40CC-4CAB-923E-081249679797}.Debug|x64.ActiveCfg = Debug|Any CPU
		{5B954D66-40CC-4CAB-923E-081249679797}.Debug|x64.Build.0 = Debug|Any CPU
		{5B954D66-40CC-4CAB-923E-081249679797}.Debug|x86.ActiveCfg = Debug|Any CPU
		{5B954D66-40CC-4CAB-923E-081249679797}.Debug|x86.Build.0 = Debug|Any CPU
		{5B954D66-40CC-4CAB-923E-081249679797}.Release|Any CPU.ActiveCfg = Release|Any CPU
		{5B954D66-40CC-4CAB-923E-081249679797}.Release|Any CPU.Build.0 = Release|Any CPU
		{5B954D66-40CC-4CAB-923E-081249679797}.Release|x64.ActiveCfg = Release|Any CPU
		{5B954D66-40CC-4CAB-923E-081249679797}.Release|x64.Build.0 = Release|Any CPU
		{5B954D66-40CC-4CAB-923E-081249679797}.Release|x86.ActiveCfg = Release|Any CPU
		{5B954D66-40CC-4CAB-923E-081249679797}.Release|x86.Build.0 = Release|Any CPU
		{88377F0A-5C71-4B1F-B24F-DCE7F2B5F2D6}.Debug|Any CPU.ActiveCfg = Debug|Any CPU
		{88377F0A-5C71-4B1F-B24F-DCE7F2B5F2D6}.Debug|Any CPU.Build.0 = Debug|Any CPU
		{88377F0A-5C71-4B1F-B24F-DCE7F2B5F2D6}.Debug|x64.ActiveCfg = Debug|Any CPU
		{88377F0A-5C71-4B1F-B24F-DCE7F2B5F2D6}.Debug|x64.Build.0 = Debug|Any CPU
		{88377F0A-5C71-4B1F-B24F-DCE7F2B5F2D6}.Debug|x86.ActiveCfg = Debug|Any CPU
		{88377F0A-5C71-4B1F-B24F-DCE7F2B5F2D6}.Debug|x86.Build.0 = Debug|Any CPU
		{88377F0A-5C71-4B1F-B24F-DCE7F2B5F2D6}.Release|Any CPU.ActiveCfg = Release|Any CPU
		{88377F0A-5C71-4B1F-B24F-DCE7F2B5F2D6}.Release|Any CPU.Build.0 = Release|Any CPU
		{88377F0A-5C71-4B1F-B24F-DCE7F2B5F2D6}.Release|x64.ActiveCfg = Release|Any CPU
		{88377F0A-5C71-4B1F-B24F-DCE7F2B5F2D6}.Release|x64.Build.0 = Release|Any CPU
		{88377F0A-5C71-4B1F-B24F-DCE7F2B5F2D6}.Release|x86.ActiveCfg = Release|Any CPU
		{88377F0A-5C71-4B1F-B24F-DCE7F2B5F2D6}.Release|x86.Build.0 = Release|Any CPU
		{323EBAF4-1AB0-40C1-8D94-505A6CC3AFE5}.Debug|Any CPU.ActiveCfg = Debug|Any CPU
		{323EBAF4-1AB0-40C1-8D94-505A6CC3AFE5}.Debug|Any CPU.Build.0 = Debug|Any CPU
		{323EBAF4-1AB0-40C1-8D94-505A6CC3AFE5}.Debug|x64.ActiveCfg = Debug|Any CPU
		{323EBAF4-1AB0-40C1-8D94-505A6CC3AFE5}.Debug|x64.Build.0 = Debug|Any CPU
		{323EBAF4-1AB0-40C1-8D94-505A6CC3AFE5}.Debug|x86.ActiveCfg = Debug|Any CPU
		{323EBAF4-1AB0-40C1-8D94-505A6CC3AFE5}.Debug|x86.Build.0 = Debug|Any CPU
		{323EBAF4-1AB0-40C1-8D94-505A6CC3AFE5}.Release|Any CPU.ActiveCfg = Release|Any CPU
		{323EBAF4-1AB0-40C1-8D94-505A6CC3AFE5}.Release|Any CPU.Build.0 = Release|Any CPU
		{323EBAF4-1AB0-40C1-8D94-505A6CC3AFE5}.Release|x64.ActiveCfg = Release|Any CPU
		{323EBAF4-1AB0-40C1-8D94-505A6CC3AFE5}.Release|x64.Build.0 = Release|Any CPU
		{323EBAF4-1AB0-40C1-8D94-505A6CC3AFE5}.Release|x86.ActiveCfg = Release|Any CPU
		{323EBAF4-1AB0-40C1-8D94-505A6CC3AFE5}.Release|x86.Build.0 = Release|Any CPU
		{617440EB-5A43-475C-86EF-44509F704166}.Debug|Any CPU.ActiveCfg = Debug|Any CPU
		{617440EB-5A43-475C-86EF-44509F704166}.Debug|Any CPU.Build.0 = Debug|Any CPU
		{617440EB-5A43-475C-86EF-44509F704166}.Debug|x64.ActiveCfg = Debug|Any CPU
		{617440EB-5A43-475C-86EF-44509F704166}.Debug|x64.Build.0 = Debug|Any CPU
		{617440EB-5A43-475C-86EF-44509F704166}.Debug|x86.ActiveCfg = Debug|Any CPU
		{617440EB-5A43-475C-86EF-44509F704166}.Debug|x86.Build.0 = Debug|Any CPU
		{617440EB-5A43-475C-86EF-44509F704166}.Release|Any CPU.ActiveCfg = Release|Any CPU
		{617440EB-5A43-475C-86EF-44509F704166}.Release|Any CPU.Build.0 = Release|Any CPU
		{617440EB-5A43-475C-86EF-44509F704166}.Release|x64.ActiveCfg = Release|Any CPU
		{617440EB-5A43-475C-86EF-44509F704166}.Release|x64.Build.0 = Release|Any CPU
		{617440EB-5A43-475C-86EF-44509F704166}.Release|x86.ActiveCfg = Release|Any CPU
		{617440EB-5A43-475C-86EF-44509F704166}.Release|x86.Build.0 = Release|Any CPU
		{37740C5D-8BC3-4A83-AB98-738568F4AC5E}.Debug|Any CPU.ActiveCfg = Debug|Any CPU
		{37740C5D-8BC3-4A83-AB98-738568F4AC5E}.Debug|Any CPU.Build.0 = Debug|Any CPU
		{37740C5D-8BC3-4A83-AB98-738568F4AC5E}.Debug|x64.ActiveCfg = Debug|Any CPU
		{37740C5D-8BC3-4A83-AB98-738568F4AC5E}.Debug|x64.Build.0 = Debug|Any CPU
		{37740C5D-8BC3-4A83-AB98-738568F4AC5E}.Debug|x86.ActiveCfg = Debug|Any CPU
		{37740C5D-8BC3-4A83-AB98-738568F4AC5E}.Debug|x86.Build.0 = Debug|Any CPU
		{37740C5D-8BC3-4A83-AB98-738568F4AC5E}.Release|Any CPU.ActiveCfg = Release|Any CPU
		{37740C5D-8BC3-4A83-AB98-738568F4AC5E}.Release|Any CPU.Build.0 = Release|Any CPU
		{37740C5D-8BC3-4A83-AB98-738568F4AC5E}.Release|x64.ActiveCfg = Release|Any CPU
		{37740C5D-8BC3-4A83-AB98-738568F4AC5E}.Release|x64.Build.0 = Release|Any CPU
		{37740C5D-8BC3-4A83-AB98-738568F4AC5E}.Release|x86.ActiveCfg = Release|Any CPU
		{37740C5D-8BC3-4A83-AB98-738568F4AC5E}.Release|x86.Build.0 = Release|Any CPU
		{255AB3C5-0A2C-497D-9685-D25DD2AD4997}.Debug|Any CPU.ActiveCfg = Debug|Any CPU
		{255AB3C5-0A2C-497D-9685-D25DD2AD4997}.Debug|Any CPU.Build.0 = Debug|Any CPU
		{255AB3C5-0A2C-497D-9685-D25DD2AD4997}.Debug|x64.ActiveCfg = Debug|Any CPU
		{255AB3C5-0A2C-497D-9685-D25DD2AD4997}.Debug|x64.Build.0 = Debug|Any CPU
		{255AB3C5-0A2C-497D-9685-D25DD2AD4997}.Debug|x86.ActiveCfg = Debug|Any CPU
		{255AB3C5-0A2C-497D-9685-D25DD2AD4997}.Debug|x86.Build.0 = Debug|Any CPU
		{255AB3C5-0A2C-497D-9685-D25DD2AD4997}.Release|Any CPU.ActiveCfg = Release|Any CPU
		{255AB3C5-0A2C-497D-9685-D25DD2AD4997}.Release|Any CPU.Build.0 = Release|Any CPU
		{255AB3C5-0A2C-497D-9685-D25DD2AD4997}.Release|x64.ActiveCfg = Release|Any CPU
		{255AB3C5-0A2C-497D-9685-D25DD2AD4997}.Release|x64.Build.0 = Release|Any CPU
		{255AB3C5-0A2C-497D-9685-D25DD2AD4997}.Release|x86.ActiveCfg = Release|Any CPU
		{255AB3C5-0A2C-497D-9685-D25DD2AD4997}.Release|x86.Build.0 = Release|Any CPU
		{180C91BF-C9E4-450C-87B2-699315F931D6}.Debug|Any CPU.ActiveCfg = Debug|Any CPU
		{180C91BF-C9E4-450C-87B2-699315F931D6}.Debug|Any CPU.Build.0 = Debug|Any CPU
		{180C91BF-C9E4-450C-87B2-699315F931D6}.Debug|x64.ActiveCfg = Debug|Any CPU
		{180C91BF-C9E4-450C-87B2-699315F931D6}.Debug|x64.Build.0 = Debug|Any CPU
		{180C91BF-C9E4-450C-87B2-699315F931D6}.Debug|x86.ActiveCfg = Debug|Any CPU
		{180C91BF-C9E4-450C-87B2-699315F931D6}.Debug|x86.Build.0 = Debug|Any CPU
		{180C91BF-C9E4-450C-87B2-699315F931D6}.Release|Any CPU.ActiveCfg = Release|Any CPU
		{180C91BF-C9E4-450C-87B2-699315F931D6}.Release|Any CPU.Build.0 = Release|Any CPU
		{180C91BF-C9E4-450C-87B2-699315F931D6}.Release|x64.ActiveCfg = Release|Any CPU
		{180C91BF-C9E4-450C-87B2-699315F931D6}.Release|x64.Build.0 = Release|Any CPU
		{180C91BF-C9E4-450C-87B2-699315F931D6}.Release|x86.ActiveCfg = Release|Any CPU
		{180C91BF-C9E4-450C-87B2-699315F931D6}.Release|x86.Build.0 = Release|Any CPU
		{CBABFEA5-1472-45D0-9CD9-FC6CE7051869}.Debug|Any CPU.ActiveCfg = Debug|Any CPU
		{CBABFEA5-1472-45D0-9CD9-FC6CE7051869}.Debug|Any CPU.Build.0 = Debug|Any CPU
		{CBABFEA5-1472-45D0-9CD9-FC6CE7051869}.Debug|x64.ActiveCfg = Debug|Any CPU
		{CBABFEA5-1472-45D0-9CD9-FC6CE7051869}.Debug|x64.Build.0 = Debug|Any CPU
		{CBABFEA5-1472-45D0-9CD9-FC6CE7051869}.Debug|x86.ActiveCfg = Debug|Any CPU
		{CBABFEA5-1472-45D0-9CD9-FC6CE7051869}.Debug|x86.Build.0 = Debug|Any CPU
		{CBABFEA5-1472-45D0-9CD9-FC6CE7051869}.Release|Any CPU.ActiveCfg = Release|Any CPU
		{CBABFEA5-1472-45D0-9CD9-FC6CE7051869}.Release|Any CPU.Build.0 = Release|Any CPU
		{CBABFEA5-1472-45D0-9CD9-FC6CE7051869}.Release|x64.ActiveCfg = Release|Any CPU
		{CBABFEA5-1472-45D0-9CD9-FC6CE7051869}.Release|x64.Build.0 = Release|Any CPU
		{CBABFEA5-1472-45D0-9CD9-FC6CE7051869}.Release|x86.ActiveCfg = Release|Any CPU
		{CBABFEA5-1472-45D0-9CD9-FC6CE7051869}.Release|x86.Build.0 = Release|Any CPU
		{D1EE9164-2922-4D40-9B44-CAD2BDAA844F}.Debug|Any CPU.ActiveCfg = Debug|Any CPU
		{D1EE9164-2922-4D40-9B44-CAD2BDAA844F}.Debug|Any CPU.Build.0 = Debug|Any CPU
		{D1EE9164-2922-4D40-9B44-CAD2BDAA844F}.Debug|x64.ActiveCfg = Debug|Any CPU
		{D1EE9164-2922-4D40-9B44-CAD2BDAA844F}.Debug|x64.Build.0 = Debug|Any CPU
		{D1EE9164-2922-4D40-9B44-CAD2BDAA844F}.Debug|x86.ActiveCfg = Debug|Any CPU
		{D1EE9164-2922-4D40-9B44-CAD2BDAA844F}.Debug|x86.Build.0 = Debug|Any CPU
		{D1EE9164-2922-4D40-9B44-CAD2BDAA844F}.Release|Any CPU.ActiveCfg = Release|Any CPU
		{D1EE9164-2922-4D40-9B44-CAD2BDAA844F}.Release|Any CPU.Build.0 = Release|Any CPU
		{D1EE9164-2922-4D40-9B44-CAD2BDAA844F}.Release|x64.ActiveCfg = Release|Any CPU
		{D1EE9164-2922-4D40-9B44-CAD2BDAA844F}.Release|x64.Build.0 = Release|Any CPU
		{D1EE9164-2922-4D40-9B44-CAD2BDAA844F}.Release|x86.ActiveCfg = Release|Any CPU
		{D1EE9164-2922-4D40-9B44-CAD2BDAA844F}.Release|x86.Build.0 = Release|Any CPU
		{4B369084-4763-4523-95DC-234EA6CD0207}.Debug|Any CPU.ActiveCfg = Debug|Any CPU
		{4B369084-4763-4523-95DC-234EA6CD0207}.Debug|Any CPU.Build.0 = Debug|Any CPU
		{4B369084-4763-4523-95DC-234EA6CD0207}.Debug|x64.ActiveCfg = Debug|Any CPU
		{4B369084-4763-4523-95DC-234EA6CD0207}.Debug|x64.Build.0 = Debug|Any CPU
		{4B369084-4763-4523-95DC-234EA6CD0207}.Debug|x86.ActiveCfg = Debug|Any CPU
		{4B369084-4763-4523-95DC-234EA6CD0207}.Debug|x86.Build.0 = Debug|Any CPU
		{4B369084-4763-4523-95DC-234EA6CD0207}.Release|Any CPU.ActiveCfg = Release|Any CPU
		{4B369084-4763-4523-95DC-234EA6CD0207}.Release|Any CPU.Build.0 = Release|Any CPU
		{4B369084-4763-4523-95DC-234EA6CD0207}.Release|x64.ActiveCfg = Release|Any CPU
		{4B369084-4763-4523-95DC-234EA6CD0207}.Release|x64.Build.0 = Release|Any CPU
		{4B369084-4763-4523-95DC-234EA6CD0207}.Release|x86.ActiveCfg = Release|Any CPU
		{4B369084-4763-4523-95DC-234EA6CD0207}.Release|x86.Build.0 = Release|Any CPU
	EndGlobalSection
	GlobalSection(SolutionProperties) = preSolution
		HideSolutionNode = FALSE
	EndGlobalSection
	GlobalSection(NestedProjects) = preSolution
		{A9429771-D982-4A02-8B87-D637E6B1DA2D} = {022D4DE4-6FB0-49D3-9B2D-621A32B07214}
		{2FD66A1E-9B24-4B99-993C-E7E0EADEE3AD} = {022D4DE4-6FB0-49D3-9B2D-621A32B07214}
		{53F23849-F39D-428A-896A-3A519BB27191} = {022D4DE4-6FB0-49D3-9B2D-621A32B07214}
		{26530F01-9CEA-4E2C-9AEB-EC1F3944F368} = {022D4DE4-6FB0-49D3-9B2D-621A32B07214}
		{59067A05-4738-4ED8-9242-0C1879AE7C62} = {36D591C7-65C7-A0D1-1CBC-10CDE441BDC8}
		{31B26600-6BC6-44A1-8F21-CD5F89753418} = {36D591C7-65C7-A0D1-1CBC-10CDE441BDC8}
		{47127195-4415-4F95-8F8C-D45C5D902A7E} = {36D591C7-65C7-A0D1-1CBC-10CDE441BDC8}
		{6F05681E-443D-4CF5-B873-553117586F78} = {36D591C7-65C7-A0D1-1CBC-10CDE441BDC8}
		{2D30EE7A-E257-4479-93E8-C7EED51DDB4B} = {D830FA99-7050-47B4-95A6-E4EA07CC3754}
		{2B502706-DC9E-4C5D-AC98-AA659B4517AE} = {D830FA99-7050-47B4-95A6-E4EA07CC3754}
		{471D6D4E-247E-4DA7-B259-84C9CB997B2A} = {D830FA99-7050-47B4-95A6-E4EA07CC3754}
		{C928B5C1-387B-4727-9635-1DFAD67FEEA1} = {36D591C7-65C7-A0D1-1CBC-10CDE441BDC8}
		{07C141E1-16F2-4F78-A5A8-C1DF1B2156E8} = {BFDA5A71-F7D0-4648-9B67-1824A20DBC51}
		{5B954D66-40CC-4CAB-923E-081249679797} = {BFDA5A71-F7D0-4648-9B67-1824A20DBC51}
		{88377F0A-5C71-4B1F-B24F-DCE7F2B5F2D6} = {BFDA5A71-F7D0-4648-9B67-1824A20DBC51}
		{323EBAF4-1AB0-40C1-8D94-505A6CC3AFE5} = {BFDA5A71-F7D0-4648-9B67-1824A20DBC51}
		{617440EB-5A43-475C-86EF-44509F704166} = {BFDA5A71-F7D0-4648-9B67-1824A20DBC51}
		{37740C5D-8BC3-4A83-AB98-738568F4AC5E} = {D830FA99-7050-47B4-95A6-E4EA07CC3754}
		{255AB3C5-0A2C-497D-9685-D25DD2AD4997} = {BFDA5A71-F7D0-4648-9B67-1824A20DBC51}
		{180C91BF-C9E4-450C-87B2-699315F931D6} = {A373B243-AF98-6B3E-FF0C-60A89F60A12A}
		{CBABFEA5-1472-45D0-9CD9-FC6CE7051869} = {A373B243-AF98-6B3E-FF0C-60A89F60A12A}
		{D1EE9164-2922-4D40-9B44-CAD2BDAA844F} = {A373B243-AF98-6B3E-FF0C-60A89F60A12A}
		{4B369084-4763-4523-95DC-234EA6CD0207} = {A373B243-AF98-6B3E-FF0C-60A89F60A12A}
	EndGlobalSection
	GlobalSection(ExtensibilityGlobals) = postSolution
		SolutionGuid = {9A17D8CA-2534-4BC0-815C-D401CAADBFEA}
	EndGlobalSection
EndGlobal
