
Microsoft Visual Studio Solution File, Format Version 12.00
# Visual Studio Version 17
VisualStudioVersion = 17.12.35527.113
MinimumVisualStudioVersion = 10.0.40219.1
Project("{FAE04EC0-301F-11D3-BF4B-00C04F79EFBC}") = "Mafia", "Mafia\Mafia.csproj", "{5A1D20B1-93F0-4EF1-AC86-622B4EDFCE70}"
EndProject
Project("{2150E333-8FDC-42A3-9474-1A3956D46DE8}") = "Mafia.User", "Mafia.User", "{022D4DE4-6FB0-49D3-9B2D-621A32B07214}"
EndProject
Project("{FAE04EC0-301F-11D3-BF4B-00C04F79EFBC}") = "Mafia.User.API", "Mafia.User.API\Mafia.User.API.csproj", "{A9429771-D982-4A02-8B87-D637E6B1DA2D}"
EndProject
Project("{FAE04EC0-301F-11D3-BF4B-00C04F79EFBC}") = "Mafia.User.Infrastructure", "Mafia.User.Infrastructure\Mafia.User.Infrastructure.csproj", "{2FD66A1E-9B24-4B99-993C-E7E0EADEE3AD}"
EndProject
Project("{FAE04EC0-301F-11D3-BF4B-00C04F79EFBC}") = "Mafia.User.Application", "Mafia.User.Application\Mafia.User.Application.csproj", "{53F23849-F39D-428A-896A-3A519BB27191}"
EndProject
Project("{FAE04EC0-301F-11D3-BF4B-00C04F79EFBC}") = "Mafia.User.Domain", "Mafia.User.Domain\Mafia.User.Domain.csproj", "{26530F01-9CEA-4E2C-9AEB-EC1F3944F368}"
EndProject
Project("{2150E333-8FDC-42A3-9474-1A3956D46DE8}") = "Mafia.Game", "Mafia.Game", "{36D591C7-65C7-A0D1-1CBC-10CDE441BDC8}"
EndProject
Project("{FAE04EC0-301F-11D3-BF4B-00C04F79EFBC}") = "Mafia.Game.Domain", "Mafia.Game.Domain\Mafia.Game.Domain.csproj", "{59067A05-4738-4ED8-9242-0C1879AE7C62}"
EndProject
Project("{FAE04EC0-301F-11D3-BF4B-00C04F79EFBC}") = "Mafia.Game.Application", "Mafia.Game.Application\Mafia.Game.Application.csproj", "{31B26600-6BC6-44A1-8F21-CD5F89753418}"
EndProject
Project("{FAE04EC0-301F-11D3-BF4B-00C04F79EFBC}") = "Mafia.Game.Infrastructure", "Mafia.Game.Infrastructure\Mafia.Game.Infrastructure.csproj", "{47127195-4415-4F95-8F8C-D45C5D902A7E}"
EndProject
Project("{FAE04EC0-301F-11D3-BF4B-00C04F79EFBC}") = "Mafia.Game.WebApi", "Mafia.Game.WebApi\Mafia.Game.WebApi.csproj", "{6F05681E-443D-4CF5-B873-553117586F78}"
EndProject
Project("{2150E333-8FDC-42A3-9474-1A3956D46DE8}") = "Mafia.Shared", "Mafia.Shared", "{D830FA99-7050-47B4-95A6-E4EA07CC3754}"
EndProject
Project("{FAE04EC0-301F-11D3-BF4B-00C04F79EFBC}") = "Mafia.Shared.Kernel", "Mafia.Shared.Kernel\Mafia.Shared.Kernel.csproj", "{2D30EE7A-E257-4479-93E8-C7EED51DDB4B}"
EndProject
Project("{FAE04EC0-301F-11D3-BF4B-00C04F79EFBC}") = "Mafia.Shared.Contracts", "Mafia.Shared.Contracts\Mafia.Shared.Contracts.csproj", "{2B502706-DC9E-4C5D-AC98-AA659B4517AE}"
EndProject
Project("{FAE04EC0-301F-11D3-BF4B-00C04F79EFBC}") = "Mefia.Shared.Infrastructure", "Mefia.Shared.Infrastructure\Mefia.Shared.Infrastructure.csproj", "{471D6D4E-247E-4DA7-B259-84C9CB997B2A}"
EndProject
Project("{FAE04EC0-301F-11D3-BF4B-00C04F79EFBC}") = "Mafia.Game.Abstraction", "Mafia.Game.Abstraction\Mafia.Game.Abstraction.csproj", "{C928B5C1-387B-4727-9635-1DFAD67FEEA1}"
EndProject
Project("{FAE04EC0-301F-11D3-BF4B-00C04F79EFBC}") = "Mafia.Game.Contracts", "Mafia.Game.Contracts\Mafia.Game.Contracts.csproj", "{20846B71-A1F6-4A56-9E43-76E971F3A826}"
EndProject
Global
	GlobalSection(SolutionConfigurationPlatforms) = preSolution
		Debug|Any CPU = Debug|Any CPU
		Release|Any CPU = Release|Any CPU
	EndGlobalSection
	GlobalSection(ProjectConfigurationPlatforms) = postSolution
		{5A1D20B1-93F0-4EF1-AC86-622B4EDFCE70}.Debug|Any CPU.ActiveCfg = Debug|Any CPU
		{5A1D20B1-93F0-4EF1-AC86-622B4EDFCE70}.Debug|Any CPU.Build.0 = Debug|Any CPU
		{5A1D20B1-93F0-4EF1-AC86-622B4EDFCE70}.Release|Any CPU.ActiveCfg = Release|Any CPU
		{5A1D20B1-93F0-4EF1-AC86-622B4EDFCE70}.Release|Any CPU.Build.0 = Release|Any CPU
		{A9429771-D982-4A02-8B87-D637E6B1DA2D}.Debug|Any CPU.ActiveCfg = Debug|Any CPU
		{A9429771-D982-4A02-8B87-D637E6B1DA2D}.Debug|Any CPU.Build.0 = Debug|Any CPU
		{A9429771-D982-4A02-8B87-D637E6B1DA2D}.Release|Any CPU.ActiveCfg = Release|Any CPU
		{A9429771-D982-4A02-8B87-D637E6B1DA2D}.Release|Any CPU.Build.0 = Release|Any CPU
		{2FD66A1E-9B24-4B99-993C-E7E0EADEE3AD}.Debug|Any CPU.ActiveCfg = Debug|Any CPU
		{2FD66A1E-9B24-4B99-993C-E7E0EADEE3AD}.Debug|Any CPU.Build.0 = Debug|Any CPU
		{2FD66A1E-9B24-4B99-993C-E7E0EADEE3AD}.Release|Any CPU.ActiveCfg = Release|Any CPU
		{2FD66A1E-9B24-4B99-993C-E7E0EADEE3AD}.Release|Any CPU.Build.0 = Release|Any CPU
		{53F23849-F39D-428A-896A-3A519BB27191}.Debug|Any CPU.ActiveCfg = Debug|Any CPU
		{53F23849-F39D-428A-896A-3A519BB27191}.Debug|Any CPU.Build.0 = Debug|Any CPU
		{53F23849-F39D-428A-896A-3A519BB27191}.Release|Any CPU.ActiveCfg = Release|Any CPU
		{53F23849-F39D-428A-896A-3A519BB27191}.Release|Any CPU.Build.0 = Release|Any CPU
		{26530F01-9CEA-4E2C-9AEB-EC1F3944F368}.Debug|Any CPU.ActiveCfg = Debug|Any CPU
		{26530F01-9CEA-4E2C-9AEB-EC1F3944F368}.Debug|Any CPU.Build.0 = Debug|Any CPU
		{26530F01-9CEA-4E2C-9AEB-EC1F3944F368}.Release|Any CPU.ActiveCfg = Release|Any CPU
		{26530F01-9CEA-4E2C-9AEB-EC1F3944F368}.Release|Any CPU.Build.0 = Release|Any CPU
		{59067A05-4738-4ED8-9242-0C1879AE7C62}.Debug|Any CPU.ActiveCfg = Debug|Any CPU
		{59067A05-4738-4ED8-9242-0C1879AE7C62}.Debug|Any CPU.Build.0 = Debug|Any CPU
		{59067A05-4738-4ED8-9242-0C1879AE7C62}.Release|Any CPU.ActiveCfg = Release|Any CPU
		{59067A05-4738-4ED8-9242-0C1879AE7C62}.Release|Any CPU.Build.0 = Release|Any CPU
		{31B26600-6BC6-44A1-8F21-CD5F89753418}.Debug|Any CPU.ActiveCfg = Debug|Any CPU
		{31B26600-6BC6-44A1-8F21-CD5F89753418}.Debug|Any CPU.Build.0 = Debug|Any CPU
		{31B26600-6BC6-44A1-8F21-CD5F89753418}.Release|Any CPU.ActiveCfg = Release|Any CPU
		{31B26600-6BC6-44A1-8F21-CD5F89753418}.Release|Any CPU.Build.0 = Release|Any CPU
		{47127195-4415-4F95-8F8C-D45C5D902A7E}.Debug|Any CPU.ActiveCfg = Debug|Any CPU
		{47127195-4415-4F95-8F8C-D45C5D902A7E}.Debug|Any CPU.Build.0 = Debug|Any CPU
		{47127195-4415-4F95-8F8C-D45C5D902A7E}.Release|Any CPU.ActiveCfg = Release|Any CPU
		{47127195-4415-4F95-8F8C-D45C5D902A7E}.Release|Any CPU.Build.0 = Release|Any CPU
		{6F05681E-443D-4CF5-B873-553117586F78}.Debug|Any CPU.ActiveCfg = Debug|Any CPU
		{6F05681E-443D-4CF5-B873-553117586F78}.Debug|Any CPU.Build.0 = Debug|Any CPU
		{6F05681E-443D-4CF5-B873-553117586F78}.Release|Any CPU.ActiveCfg = Release|Any CPU
		{6F05681E-443D-4CF5-B873-553117586F78}.Release|Any CPU.Build.0 = Release|Any CPU
		{2D30EE7A-E257-4479-93E8-C7EED51DDB4B}.Debug|Any CPU.ActiveCfg = Debug|Any CPU
		{2D30EE7A-E257-4479-93E8-C7EED51DDB4B}.Debug|Any CPU.Build.0 = Debug|Any CPU
		{2D30EE7A-E257-4479-93E8-C7EED51DDB4B}.Release|Any CPU.ActiveCfg = Release|Any CPU
		{2D30EE7A-E257-4479-93E8-C7EED51DDB4B}.Release|Any CPU.Build.0 = Release|Any CPU
		{2B502706-DC9E-4C5D-AC98-AA659B4517AE}.Debug|Any CPU.ActiveCfg = Debug|Any CPU
		{2B502706-DC9E-4C5D-AC98-AA659B4517AE}.Debug|Any CPU.Build.0 = Debug|Any CPU
		{2B502706-DC9E-4C5D-AC98-AA659B4517AE}.Release|Any CPU.ActiveCfg = Release|Any CPU
		{2B502706-DC9E-4C5D-AC98-AA659B4517AE}.Release|Any CPU.Build.0 = Release|Any CPU
		{471D6D4E-247E-4DA7-B259-84C9CB997B2A}.Debug|Any CPU.ActiveCfg = Debug|Any CPU
		{471D6D4E-247E-4DA7-B259-84C9CB997B2A}.Debug|Any CPU.Build.0 = Debug|Any CPU
		{471D6D4E-247E-4DA7-B259-84C9CB997B2A}.Release|Any CPU.ActiveCfg = Release|Any CPU
		{471D6D4E-247E-4DA7-B259-84C9CB997B2A}.Release|Any CPU.Build.0 = Release|Any CPU
		{C928B5C1-387B-4727-9635-1DFAD67FEEA1}.Debug|Any CPU.ActiveCfg = Debug|Any CPU
		{C928B5C1-387B-4727-9635-1DFAD67FEEA1}.Debug|Any CPU.Build.0 = Debug|Any CPU
		{C928B5C1-387B-4727-9635-1DFAD67FEEA1}.Release|Any CPU.ActiveCfg = Release|Any CPU
		{C928B5C1-387B-4727-9635-1DFAD67FEEA1}.Release|Any CPU.Build.0 = Release|Any CPU
		{20846B71-A1F6-4A56-9E43-76E971F3A826}.Debug|Any CPU.ActiveCfg = Debug|Any CPU
		{20846B71-A1F6-4A56-9E43-76E971F3A826}.Debug|Any CPU.Build.0 = Debug|Any CPU
		{20846B71-A1F6-4A56-9E43-76E971F3A826}.Release|Any CPU.ActiveCfg = Release|Any CPU
		{20846B71-A1F6-4A56-9E43-76E971F3A826}.Release|Any CPU.Build.0 = Release|Any CPU
	EndGlobalSection
	GlobalSection(SolutionProperties) = preSolution
		HideSolutionNode = FALSE
	EndGlobalSection
	GlobalSection(NestedProjects) = preSolution
		{A9429771-D982-4A02-8B87-D637E6B1DA2D} = {022D4DE4-6FB0-49D3-9B2D-621A32B07214}
		{2FD66A1E-9B24-4B99-993C-E7E0EADEE3AD} = {022D4DE4-6FB0-49D3-9B2D-621A32B07214}
		{53F23849-F39D-428A-896A-3A519BB27191} = {022D4DE4-6FB0-49D3-9B2D-621A32B07214}
		{26530F01-9CEA-4E2C-9AEB-EC1F3944F368} = {022D4DE4-6FB0-49D3-9B2D-621A32B07214}
		{59067A05-4738-4ED8-9242-0C1879AE7C62} = {36D591C7-65C7-A0D1-1CBC-10CDE441BDC8}
		{31B26600-6BC6-44A1-8F21-CD5F89753418} = {36D591C7-65C7-A0D1-1CBC-10CDE441BDC8}
		{47127195-4415-4F95-8F8C-D45C5D902A7E} = {36D591C7-65C7-A0D1-1CBC-10CDE441BDC8}
		{6F05681E-443D-4CF5-B873-553117586F78} = {36D591C7-65C7-A0D1-1CBC-10CDE441BDC8}
		{2D30EE7A-E257-4479-93E8-C7EED51DDB4B} = {D830FA99-7050-47B4-95A6-E4EA07CC3754}
		{2B502706-DC9E-4C5D-AC98-AA659B4517AE} = {D830FA99-7050-47B4-95A6-E4EA07CC3754}
		{471D6D4E-247E-4DA7-B259-84C9CB997B2A} = {D830FA99-7050-47B4-95A6-E4EA07CC3754}
		{C928B5C1-387B-4727-9635-1DFAD67FEEA1} = {36D591C7-65C7-A0D1-1CBC-10CDE441BDC8}
		{20846B71-A1F6-4A56-9E43-76E971F3A826} = {36D591C7-65C7-A0D1-1CBC-10CDE441BDC8}
	EndGlobalSection
	GlobalSection(ExtensibilityGlobals) = postSolution
		SolutionGuid = {9A17D8CA-2534-4BC0-815C-D401CAADBFEA}
	EndGlobalSection
EndGlobal
